<?xml version="1.0" encoding="utf-8"?>
<Project ToolsVersion="4.0" xmlns="http://schemas.microsoft.com/developer/msbuild/2003">
  <ItemGroup>
    <Filter Include="源文件">
      <UniqueIdentifier>{4FC737F1-C7A5-4376-A066-2A32D752A2FF}</UniqueIdentifier>
      <Extensions>cpp;c;cc;cxx;c++;cppm;ixx;def;odl;idl;hpj;bat;asm;asmx</Extensions>
    </Filter>
    <Filter Include="头文件">
      <UniqueIdentifier>{93995380-89BD-4b04-88EB-625FBE52EBFB}</UniqueIdentifier>
      <Extensions>h;hh;hpp;hxx;h++;hm;inl;inc;ipp;xsd</Extensions>
    </Filter>
    <Filter Include="资源文件">
      <UniqueIdentifier>{67DA6AB6-F800-4c08-8B7A-83BB121AAD01}</UniqueIdentifier>
      <Extensions>rc;ico;cur;bmp;dlg;rc2;rct;bin;rgs;gif;jpg;jpeg;jpe;resx;tiff;tif;png;wav;mfcribbon-ms</Extensions>
    </Filter>
    <Filter Include="资源文件\tvnode">
      <UniqueIdentifier>{93bfefe4-bfca-49d2-bdc1-dc46991e9c74}</UniqueIdentifier>
    </Filter>
    <Filter Include="资源文件\tvdev">
      <UniqueIdentifier>{e3b4d280-0f2e-476e-bc7c-54f411997af8}</UniqueIdentifier>
    </Filter>
  </ItemGroup>
  <ItemGroup>
    <ClInclude Include="targetver.h">
      <Filter>头文件</Filter>
    </ClInclude>
    <ClInclude Include="resource.h">
      <Filter>头文件</Filter>
    </ClInclude>
    <ClInclude Include="gnwinfo.h">
      <Filter>头文件</Filter>
    </ClInclude>
    <ClInclude Include="lang_chs.h">
      <Filter>头文件</Filter>
    </ClInclude>
  </ItemGroup>
  <ItemGroup>
    <ClCompile Include="gnwinfo.c">
      <Filter>源文件</Filter>
    </ClCompile>
    <ClCompile Include="treeview.c">
      <Filter>源文件</Filter>
    </ClCompile>
    <ClCompile Include="context.c">
      <Filter>源文件</Filter>
    </ClCompile>
    <ClCompile Include="listview.c">
      <Filter>源文件</Filter>
    </ClCompile>
    <ClCompile Include="icon.c">
      <Filter>源文件</Filter>
    </ClCompile>
    <ClCompile Include="lang.c">
      <Filter>源文件</Filter>
    </ClCompile>
  </ItemGroup>
  <ItemGroup>
    <ResourceCompile Include="gnwinfo.rc">
      <Filter>资源文件</Filter>
    </ResourceCompile>
  </ItemGroup>
  <ItemGroup>
    <None Include="packages.config" />
  </ItemGroup>
  <ItemGroup>
    <Image Include="gnwinfo.ico">
      <Filter>资源文件</Filter>
    </Image>
    <Image Include="icons\acpi.ico">
      <Filter>资源文件\tvnode</Filter>
    </Image>
    <Image Include="icons\cpu.ico">
      <Filter>资源文件\tvnode</Filter>
    </Image>
    <Image Include="icons\disk.ico">
      <Filter>资源文件\tvnode</Filter>
    </Image>
    <Image Include="icons\display.ico">
      <Filter>资源文件\tvnode</Filter>
    </Image>
    <Image Include="icons\network.ico">
      <Filter>资源文件\tvnode</Filter>
    </Image>
    <Image Include="icons\pci.ico">
      <Filter>资源文件\tvnode</Filter>
    </Image>
    <Image Include="icons\smbios.ico">
      <Filter>资源文件\tvnode</Filter>
    </Image>
    <Image Include="icons\spd.ico">
      <Filter>资源文件\tvnode</Filter>
    </Image>
    <Image Include="icons\system.ico">
      <Filter>资源文件\tvnode</Filter>
    </Image>
    <Image Include="icons\usb.ico">
      <Filter>资源文件\tvnode</Filter>
    </Image>
    <Image Include="icons\usb_dev.ico">
      <Filter>资源文件\tvdev</Filter>
    </Image>
    <Image Include="icons\hd.ico">
      <Filter>资源文件\tvdev</Filter>
    </Image>
    <Image Include="icons\fw.ico">
      <Filter>资源文件\tvdev</Filter>
    </Image>
    <Image Include="icons\multimedia.ico">
      <Filter>资源文件\tvdev</Filter>
    </Image>
    <Image Include="icons\crypto.ico">
      <Filter>资源文件\tvdev</Filter>
    </Image>
    <Image Include="icons\net_wired.ico">
      <Filter>资源文件\tvdev</Filter>
    </Image>
    <Image Include="icons\net_wireless.ico">
      <Filter>资源文件\tvdev</Filter>
    </Image>
    <Image Include="icons\help.ico">
      <Filter>资源文件\tvdev</Filter>
    </Image>
    <Image Include="icons\pc.ico">
      <Filter>资源文件\tvdev</Filter>
    </Image>
    <Image Include="icons\rm.ico">
      <Filter>资源文件\tvdev</Filter>
    </Image>
    <Image Include="icons\uefi.ico">
      <Filter>资源文件\tvdev</Filter>
    </Image>
    <Image Include="icons\exit.ico">
      <Filter>资源文件\tvdev</Filter>
    </Image>
    <Image Include="icons\export.ico">
      <Filter>资源文件\tvdev</Filter>
    </Image>
    <Image Include="icons\info.ico">
      <Filter>资源文件\tvdev</Filter>
    </Image>
    <Image Include="icons\link.ico">
      <Filter>资源文件\tvdev</Filter>
    </Image>
    <Image Include="icons\reload.ico">
      <Filter>资源文件\tvdev</Filter>
    </Image>
    <Image Include="icons\tree.ico">
      <Filter>资源文件\tvdev</Filter>
    </Image>
    <Image Include="icons\cdrom.ico">
      <Filter>资源文件\tvdev</Filter>
    </Image>
    <Image Include="icons\battery.ico">
      <Filter>资源文件\tvnode</Filter>
    </Image>
    <Image Include="icons\input.ico">
      <Filter>资源文件\tvdev</Filter>
    </Image>
  </ItemGroup>
</Project>